<?xml version="1.0" encoding="utf-8"?>
<Project ToolsVersion="4.0" xmlns="http://schemas.microsoft.com/developer/msbuild/2003">
  <ItemGroup>
    <Filter Include="Engine">
      <UniqueIdentifier>{8e74553a-59c6-4ba6-a0fc-995b4bd946c3}</UniqueIdentifier>
    </Filter>
    <Filter Include="Engine\Framework">
      <UniqueIdentifier>{69497972-e634-4ea3-911e-5a3a6ba28b56}</UniqueIdentifier>
    </Filter>
    <Filter Include="Engine\Component">
      <UniqueIdentifier>{2ccd6827-f136-4777-9158-4caf77fe1456}</UniqueIdentifier>
    </Filter>
    <Filter Include="Resource">
      <UniqueIdentifier>{67DA6AB6-F800-4c08-8B7A-83BB121AAD01}</UniqueIdentifier>
      <Extensions>rc;ico;cur;bmp;dlg;rc2;rct;bin;rgs;gif;jpg;jpeg;jpe;resx;tiff;tif;png;wav;mfcribbon-ms</Extensions>
    </Filter>
    <Filter Include="Engine\Library">
      <UniqueIdentifier>{8d0eb4dc-d885-4cd9-90ff-c4a9bd518c28}</UniqueIdentifier>
    </Filter>
    <Filter Include="Engine\Resource">
      <UniqueIdentifier>{4d23ee7e-2cc4-44f0-9ecd-f0efc40cdec7}</UniqueIdentifier>
    </Filter>
  </ItemGroup>
  <ItemGroup>
    <ClCompile Include="WinMain.cpp" />
    <ClCompile Include="Model\Engine\Animation.cpp" />
    <ClCompile Include="Model\Engine\Application.cpp" />
    <ClCompile Include="Model\Engine\Audio.cpp" />
    <ClCompile Include="Model\Engine\Sound.cpp" />
    <ClCompile Include="Model\Engine\Collision.cpp" />
    <ClCompile Include="Model\Engine\Game.cpp" />
    <ClCompile Include="Model\Engine\GameObject.cpp" />
    <ClCompile Include="Model\Engine\Graphics.cpp" />
    <ClCompile Include="Model\Engine\Input.cpp" />
    <ClCompile Include="Model\Engine\pugixml.cpp" />
    <ClCompile Include="Model\Engine\Sprite.cpp" />
    <ClCompile Include="Model\Engine\Time.cpp" />
    <ClCompile Include="Model\Engine\Ultilities.cpp" />
    <ClCompile Include="Model\World\Goomba.cpp" />
    <ClCompile Include="Model\World\Koopa.cpp" />
    <ClCompile Include="Model\World\Mario.cpp" />
    <ClCompile Include="Model\World\Platform.cpp" />
    <ClCompile Include="Model\GameMaster.cpp" />
    <ClCompile Include="Model\SMB3.cpp" />
  </ItemGroup>
  <ItemGroup>
    <None Include="packages.config">
      <Filter>Resource</Filter>
    </None>
    <None Include=".gitignore">
      <Filter>Resource</Filter>
    </None>
    <None Include=".gitattributes">
      <Filter>Resource</Filter>
    </None>
    <None Include="workspace.code-workspace">
      <Filter>Resource</Filter>
    </None>
  </ItemGroup>
  <ItemGroup>
    <Xml Include="Data\GameData.xml">
      <Filter>Resource</Filter>
    </Xml>
    <Xml Include="Data\Scene\WorldMapGrasslandScene.xml" />
    <Xml Include="Data\Scene\World11Scene.xml" />
    <Xml Include="Data\Scene\IntroScene.xml" />
  </ItemGroup>
  <ItemGroup>
    <Image Include="Data\Texture\brick.png">
      <Filter>Resource</Filter>
    </Image>
  </ItemGroup>
  <ItemGroup>
    <ClInclude Include="Model\Engine\Animation.h" />
    <ClInclude Include="Model\Engine\Application.h" />
    <ClInclude Include="Model\Engine\Audio.h" />
    <ClInclude Include="Model\Engine\Sound.h" />
    <ClInclude Include="Model\Engine\Collision.h" />
    <ClInclude Include="Model\Engine\Game.h" />
    <ClInclude Include="Model\Engine\GameObject.h" />
    <ClInclude Include="Model\Engine\Graphics.h" />
    <ClInclude Include="Model\Engine\Input.h" />
    <ClInclude Include="Model\Engine\pugiconfig.hpp" />
    <ClInclude Include="Model\Engine\pugixml.hpp" />
    <ClInclude Include="Model\Engine\Sprite.h" />
    <ClInclude Include="Model\Engine\Time.h" />
    <ClInclude Include="Model\Engine\Ultilities.h" />
    <ClInclude Include="Model\World\Goomba.h" />
    <ClInclude Include="Model\World\Koopa.h" />
    <ClInclude Include="Model\World\Mario.h" />
    <ClInclude Include="Model\World\Platform.h" />
    <ClInclude Include="Model\GameMaster.h" />
    <ClInclude Include="Model\SMB3.h" />
  </ItemGroup>
</Project>